
Microsoft Visual Studio Solution File, Format Version 12.00
# Visual Studio Version 17
VisualStudioVersion = 17.7.34202.233
MinimumVisualStudioVersion = 10.0.40219.1
Project("{F2A71F9B-5D33-465A-A702-920D77279786}") = "Lab 5 zadania", "Lab 5 zadania.fsproj", "{8E54DF31-4276-42A2-BD18-91FB40B52B02}"
EndProject
Global
	GlobalSection(SolutionConfigurationPlatforms) = preSolution
		Debug|Any CPU = Debug|Any CPU
		Release|Any CPU = Release|Any CPU
	EndGlobalSection
	GlobalSection(ProjectConfigurationPlatforms) = postSolution
		{8E54DF31-4276-42A2-BD18-91FB40B52B02}.Debug|Any CPU.ActiveCfg = Debug|Any CPU
		{8E54DF31-4276-42A2-BD18-91FB40B52B02}.Debug|Any CPU.Build.0 = Debug|Any CPU
		{8E54DF31-4276-42A2-BD18-91FB40B52B02}.Release|Any CPU.ActiveCfg = Release|Any CPU
		{8E54DF31-4276-42A2-BD18-91FB40B52B02}.Release|Any CPU.Build.0 = Release|Any CPU
	EndGlobalSection
	GlobalSection(SolutionProperties) = preSolution
		HideSolutionNode = FALSE
	EndGlobalSection
	GlobalSection(ExtensibilityGlobals) = postSolution
		SolutionGuid = {C0914BCD-9696-437F-A2B0-CABB36F54F4E}
	EndGlobalSection
EndGlobal
