
Microsoft Visual Studio Solution File, Format Version 12.00
# Visual Studio Version 17
VisualStudioVersion = 17.7.34202.233
MinimumVisualStudioVersion = 10.0.40219.1
Project("{F2A71F9B-5D33-465A-A702-920D77279786}") = "ConsoleApp2", "ConsoleApp2.fsproj", "{763511CE-FAA0-4C9B-B533-3CCC83A373AD}"
EndProject
Global
	GlobalSection(SolutionConfigurationPlatforms) = preSolution
		Debug|Any CPU = Debug|Any CPU
		Release|Any CPU = Release|Any CPU
	EndGlobalSection
	GlobalSection(ProjectConfigurationPlatforms) = postSolution
		{763511CE-FAA0-4C9B-B533-3CCC83A373AD}.Debug|Any CPU.ActiveCfg = Debug|Any CPU
		{763511CE-FAA0-4C9B-B533-3CCC83A373AD}.Debug|Any CPU.Build.0 = Debug|Any CPU
		{763511CE-FAA0-4C9B-B533-3CCC83A373AD}.Release|Any CPU.ActiveCfg = Release|Any CPU
		{763511CE-FAA0-4C9B-B533-3CCC83A373AD}.Release|Any CPU.Build.0 = Release|Any CPU
	EndGlobalSection
	GlobalSection(SolutionProperties) = preSolution
		HideSolutionNode = FALSE
	EndGlobalSection
	GlobalSection(ExtensibilityGlobals) = postSolution
		SolutionGuid = {5CBB32D2-A544-4A70-B863-203DF565D2C9}
	EndGlobalSection
EndGlobal
